// !$*UTF8*$!
{
	archiveVersion = 1;
	classes = {
	};
	objectVersion = 50;
	objects = {

/* Begin PBXBuildFile section */
		3085587C26FE7B9D002AACA3 /* AppDelegate.swift in Sources */ = {isa = PBXBuildFile; fileRef = 3085587B26FE7B9D002AACA3 /* AppDelegate.swift */; };
		3085587E26FE7B9D002AACA3 /* SceneDelegate.swift in Sources */ = {isa = PBXBuildFile; fileRef = 3085587D26FE7B9D002AACA3 /* SceneDelegate.swift */; };
		3085588526FE7BA8002AACA3 /* Assets.xcassets in Resources */ = {isa = PBXBuildFile; fileRef = 3085588426FE7BA8002AACA3 /* Assets.xcassets */; };
		3085588826FE7BA8002AACA3 /* LaunchScreen.storyboard in Resources */ = {isa = PBXBuildFile; fileRef = 3085588626FE7BA8002AACA3 /* LaunchScreen.storyboard */; };
		3085589326FE7E5E002AACA3 /* APIError.swift in Sources */ = {isa = PBXBuildFile; fileRef = 3085589226FE7E5E002AACA3 /* APIError.swift */; };
		3085589526FE7F08002AACA3 /* HTTPMethod.swift in Sources */ = {isa = PBXBuildFile; fileRef = 3085589426FE7F08002AACA3 /* HTTPMethod.swift */; };
		3085589726FE7F37002AACA3 /* Endpoint.swift in Sources */ = {isa = PBXBuildFile; fileRef = 3085589626FE7F37002AACA3 /* Endpoint.swift */; };
		3085589926FE811C002AACA3 /* Network.swift in Sources */ = {isa = PBXBuildFile; fileRef = 3085589826FE811C002AACA3 /* Network.swift */; };
		3085589C26FE9100002AACA3 /* ViewCoding.swift in Sources */ = {isa = PBXBuildFile; fileRef = 3085589B26FE9100002AACA3 /* ViewCoding.swift */; };
		3085589F26FE92D4002AACA3 /* CharacterModel.swift in Sources */ = {isa = PBXBuildFile; fileRef = 3085589E26FE92D4002AACA3 /* CharacterModel.swift */; };
/* End PBXBuildFile section */

/* Begin PBXFileReference section */
		3085587826FE7B9D002AACA3 /* RickAndMorty.app */ = {isa = PBXFileReference; explicitFileType = wrapper.application; includeInIndex = 0; path = RickAndMorty.app; sourceTree = BUILT_PRODUCTS_DIR; };
		3085587B26FE7B9D002AACA3 /* AppDelegate.swift */ = {isa = PBXFileReference; lastKnownFileType = sourcecode.swift; path = AppDelegate.swift; sourceTree = "<group>"; };
		3085587D26FE7B9D002AACA3 /* SceneDelegate.swift */ = {isa = PBXFileReference; lastKnownFileType = sourcecode.swift; path = SceneDelegate.swift; sourceTree = "<group>"; };
		3085588426FE7BA8002AACA3 /* Assets.xcassets */ = {isa = PBXFileReference; lastKnownFileType = folder.assetcatalog; path = Assets.xcassets; sourceTree = "<group>"; };
		3085588726FE7BA8002AACA3 /* Base */ = {isa = PBXFileReference; lastKnownFileType = file.storyboard; name = Base; path = Base.lproj/LaunchScreen.storyboard; sourceTree = "<group>"; };
		3085588926FE7BA8002AACA3 /* Info.plist */ = {isa = PBXFileReference; lastKnownFileType = text.plist.xml; path = Info.plist; sourceTree = "<group>"; };
		3085589226FE7E5E002AACA3 /* APIError.swift */ = {isa = PBXFileReference; lastKnownFileType = sourcecode.swift; path = APIError.swift; sourceTree = "<group>"; };
		3085589426FE7F08002AACA3 /* HTTPMethod.swift */ = {isa = PBXFileReference; lastKnownFileType = sourcecode.swift; path = HTTPMethod.swift; sourceTree = "<group>"; };
		3085589626FE7F37002AACA3 /* Endpoint.swift */ = {isa = PBXFileReference; lastKnownFileType = sourcecode.swift; path = Endpoint.swift; sourceTree = "<group>"; };
		3085589826FE811C002AACA3 /* Network.swift */ = {isa = PBXFileReference; lastKnownFileType = sourcecode.swift; path = Network.swift; sourceTree = "<group>"; };
		3085589B26FE9100002AACA3 /* ViewCoding.swift */ = {isa = PBXFileReference; lastKnownFileType = sourcecode.swift; path = ViewCoding.swift; sourceTree = "<group>"; };
		3085589E26FE92D4002AACA3 /* CharacterModel.swift */ = {isa = PBXFileReference; lastKnownFileType = sourcecode.swift; path = CharacterModel.swift; sourceTree = "<group>"; };
/* End PBXFileReference section */

/* Begin PBXFrameworksBuildPhase section */
		3085587526FE7B9D002AACA3 /* Frameworks */ = {
			isa = PBXFrameworksBuildPhase;
			buildActionMask = 2147483647;
			files = (
			);
			runOnlyForDeploymentPostprocessing = 0;
		};
/* End PBXFrameworksBuildPhase section */

/* Begin PBXGroup section */
		3085586F26FE7B9D002AACA3 = {
			isa = PBXGroup;
			children = (
				3085587A26FE7B9D002AACA3 /* RickAndMorty */,
				3085587926FE7B9D002AACA3 /* Products */,
			);
			sourceTree = "<group>";
		};
		3085587926FE7B9D002AACA3 /* Products */ = {
			isa = PBXGroup;
			children = (
				3085587826FE7B9D002AACA3 /* RickAndMorty.app */,
			);
			name = Products;
			sourceTree = "<group>";
		};
		3085587A26FE7B9D002AACA3 /* RickAndMorty */ = {
			isa = PBXGroup;
			children = (
				3085589D26FE914A002AACA3 /* CharacterList */,
				3085589A26FE90F6002AACA3 /* Helper */,
				3085588F26FE7E27002AACA3 /* Network */,
				3085587B26FE7B9D002AACA3 /* AppDelegate.swift */,
				3085587D26FE7B9D002AACA3 /* SceneDelegate.swift */,
				3085588426FE7BA8002AACA3 /* Assets.xcassets */,
				3085588626FE7BA8002AACA3 /* LaunchScreen.storyboard */,
				3085588926FE7BA8002AACA3 /* Info.plist */,
			);
			path = RickAndMorty;
			sourceTree = "<group>";
		};
		3085588F26FE7E27002AACA3 /* Network */ = {
			isa = PBXGroup;
			children = (
				3085589226FE7E5E002AACA3 /* APIError.swift */,
				3085589426FE7F08002AACA3 /* HTTPMethod.swift */,
				3085589626FE7F37002AACA3 /* Endpoint.swift */,
				3085589826FE811C002AACA3 /* Network.swift */,
			);
			path = Network;
			sourceTree = "<group>";
		};
		3085589A26FE90F6002AACA3 /* Helper */ = {
			isa = PBXGroup;
			children = (
				3085589B26FE9100002AACA3 /* ViewCoding.swift */,
			);
			path = Helper;
			sourceTree = "<group>";
		};
		3085589D26FE914A002AACA3 /* CharacterList */ = {
			isa = PBXGroup;
			children = (
				3085589E26FE92D4002AACA3 /* CharacterModel.swift */,
			);
			path = CharacterList;
			sourceTree = "<group>";
		};
/* End PBXGroup section */

/* Begin PBXNativeTarget section */
		3085587726FE7B9D002AACA3 /* RickAndMorty */ = {
			isa = PBXNativeTarget;
			buildConfigurationList = 3085588C26FE7BA8002AACA3 /* Build configuration list for PBXNativeTarget "RickAndMorty" */;
			buildPhases = (
				3085587426FE7B9D002AACA3 /* Sources */,
				3085587526FE7B9D002AACA3 /* Frameworks */,
				3085587626FE7B9D002AACA3 /* Resources */,
			);
			buildRules = (
			);
			dependencies = (
			);
			name = RickAndMorty;
			productName = RickAndMorty;
			productReference = 3085587826FE7B9D002AACA3 /* RickAndMorty.app */;
			productType = "com.apple.product-type.application";
		};
/* End PBXNativeTarget section */

/* Begin PBXProject section */
		3085587026FE7B9D002AACA3 /* Project object */ = {
			isa = PBXProject;
			attributes = {
				LastSwiftUpdateCheck = 1250;
				LastUpgradeCheck = 1250;
				TargetAttributes = {
					3085587726FE7B9D002AACA3 = {
						CreatedOnToolsVersion = 12.5;
					};
				};
			};
			buildConfigurationList = 3085587326FE7B9D002AACA3 /* Build configuration list for PBXProject "RickAndMorty" */;
			compatibilityVersion = "Xcode 9.3";
			developmentRegion = en;
			hasScannedForEncodings = 0;
			knownRegions = (
				en,
				Base,
			);
			mainGroup = 3085586F26FE7B9D002AACA3;
			productRefGroup = 3085587926FE7B9D002AACA3 /* Products */;
			projectDirPath = "";
			projectRoot = "";
			targets = (
				3085587726FE7B9D002AACA3 /* RickAndMorty */,
			);
		};
/* End PBXProject section */

/* Begin PBXResourcesBuildPhase section */
		3085587626FE7B9D002AACA3 /* Resources */ = {
			isa = PBXResourcesBuildPhase;
			buildActionMask = 2147483647;
			files = (
				3085588826FE7BA8002AACA3 /* LaunchScreen.storyboard in Resources */,
				3085588526FE7BA8002AACA3 /* Assets.xcassets in Resources */,
			);
			runOnlyForDeploymentPostprocessing = 0;
		};
/* End PBXResourcesBuildPhase section */

/* Begin PBXSourcesBuildPhase section */
		3085587426FE7B9D002AACA3 /* Sources */ = {
			isa = PBXSourcesBuildPhase;
			buildActionMask = 2147483647;
			files = (
				3085589526FE7F08002AACA3 /* HTTPMethod.swift in Sources */,
				3085587C26FE7B9D002AACA3 /* AppDelegate.swift in Sources */,
				3085589926FE811C002AACA3 /* Network.swift in Sources */,
				3085589326FE7E5E002AACA3 /* APIError.swift in Sources */,
				3085589C26FE9100002AACA3 /* ViewCoding.swift in Sources */,
				3085589F26FE92D4002AACA3 /* CharacterModel.swift in Sources */,
				3085587E26FE7B9D002AACA3 /* SceneDelegate.swift in Sources */,
				3085589726FE7F37002AACA3 /* Endpoint.swift in Sources */,
			);
			runOnlyForDeploymentPostprocessing = 0;
		};
/* End PBXSourcesBuildPhase section */

/* Begin PBXVariantGroup section */
		3085588626FE7BA8002AACA3 /* LaunchScreen.storyboard */ = {
			isa = PBXVariantGroup;
			children = (
				3085588726FE7BA8002AACA3 /* Base */,
			);
			name = LaunchScreen.storyboard;
			sourceTree = "<group>";
		};
/* End PBXVariantGroup section */

/* Begin XCBuildConfiguration section */
		3085588A26FE7BA8002AACA3 /* Debug */ = {
			isa = XCBuildConfiguration;
			buildSettings = {
				ALWAYS_SEARCH_USER_PATHS = NO;
				CLANG_ANALYZER_NONNULL = YES;
				CLANG_ANALYZER_NUMBER_OBJECT_CONVERSION = YES_AGGRESSIVE;
				CLANG_CXX_LANGUAGE_STANDARD = "gnu++14";
				CLANG_CXX_LIBRARY = "libc++";
				CLANG_ENABLE_MODULES = YES;
				CLANG_ENABLE_OBJC_ARC = YES;
				CLANG_ENABLE_OBJC_WEAK = YES;
				CLANG_WARN_BLOCK_CAPTURE_AUTORELEASING = YES;
				CLANG_WARN_BOOL_CONVERSION = YES;
				CLANG_WARN_COMMA = YES;
				CLANG_WARN_CONSTANT_CONVERSION = YES;
				CLANG_WARN_DEPRECATED_OBJC_IMPLEMENTATIONS = YES;
				CLANG_WARN_DIRECT_OBJC_ISA_USAGE = YES_ERROR;
				CLANG_WARN_DOCUMENTATION_COMMENTS = YES;
				CLANG_WARN_EMPTY_BODY = YES;
				CLANG_WARN_ENUM_CONVERSION = YES;
				CLANG_WARN_INFINITE_RECURSION = YES;
				CLANG_WARN_INT_CONVERSION = YES;
				CLANG_WARN_NON_LITERAL_NULL_CONVERSION = YES;
				CLANG_WARN_OBJC_IMPLICIT_RETAIN_SELF = YES;
				CLANG_WARN_OBJC_LITERAL_CONVERSION = YES;
				CLANG_WARN_OBJC_ROOT_CLASS = YES_ERROR;
				CLANG_WARN_QUOTED_INCLUDE_IN_FRAMEWORK_HEADER = YES;
				CLANG_WARN_RANGE_LOOP_ANALYSIS = YES;
				CLANG_WARN_STRICT_PROTOTYPES = YES;
				CLANG_WARN_SUSPICIOUS_MOVE = YES;
				CLANG_WARN_UNGUARDED_AVAILABILITY = YES_AGGRESSIVE;
				CLANG_WARN_UNREACHABLE_CODE = YES;
				CLANG_WARN__DUPLICATE_METHOD_MATCH = YES;
				COPY_PHASE_STRIP = NO;
				DEBUG_INFORMATION_FORMAT = dwarf;
				ENABLE_STRICT_OBJC_MSGSEND = YES;
				ENABLE_TESTABILITY = YES;
				GCC_C_LANGUAGE_STANDARD = gnu11;
				GCC_DYNAMIC_NO_PIC = NO;
				GCC_NO_COMMON_BLOCKS = YES;
				GCC_OPTIMIZATION_LEVEL = 0;
				GCC_PREPROCESSOR_DEFINITIONS = (
					"DEBUG=1",
					"$(inherited)",
				);
				GCC_WARN_64_TO_32_BIT_CONVERSION = YES;
				GCC_WARN_ABOUT_RETURN_TYPE = YES_ERROR;
				GCC_WARN_UNDECLARED_SELECTOR = YES;
				GCC_WARN_UNINITIALIZED_AUTOS = YES_AGGRESSIVE;
				GCC_WARN_UNUSED_FUNCTION = YES;
				GCC_WARN_UNUSED_VARIABLE = YES;
				IPHONEOS_DEPLOYMENT_TARGET = 14.5;
				MTL_ENABLE_DEBUG_INFO = INCLUDE_SOURCE;
				MTL_FAST_MATH = YES;
				ONLY_ACTIVE_ARCH = YES;
				SDKROOT = iphoneos;
				SWIFT_ACTIVE_COMPILATION_CONDITIONS = DEBUG;
				SWIFT_OPTIMIZATION_LEVEL = "-Onone";
			};
			name = Debug;
		};
		3085588B26FE7BA8002AACA3 /* Release */ = {
			isa = XCBuildConfiguration;
			buildSettings = {
				ALWAYS_SEARCH_USER_PATHS = NO;
				CLANG_ANALYZER_NONNULL = YES;
				CLANG_ANALYZER_NUMBER_OBJECT_CONVERSION = YES_AGGRESSIVE;
				CLANG_CXX_LANGUAGE_STANDARD = "gnu++14";
				CLANG_CXX_LIBRARY = "libc++";
				CLANG_ENABLE_MODULES = YES;
				CLANG_ENABLE_OBJC_ARC = YES;
				CLANG_ENABLE_OBJC_WEAK = YES;
				CLANG_WARN_BLOCK_CAPTURE_AUTORELEASING = YES;
				CLANG_WARN_BOOL_CONVERSION = YES;
				CLANG_WARN_COMMA = YES;
				CLANG_WARN_CONSTANT_CONVERSION = YES;
				CLANG_WARN_DEPRECATED_OBJC_IMPLEMENTATIONS = YES;
				CLANG_WARN_DIRECT_OBJC_ISA_USAGE = YES_ERROR;
				CLANG_WARN_DOCUMENTATION_COMMENTS = YES;
				CLANG_WARN_EMPTY_BODY = YES;
				CLANG_WARN_ENUM_CONVERSION = YES;
				CLANG_WARN_INFINITE_RECURSION = YES;
				CLANG_WARN_INT_CONVERSION = YES;
				CLANG_WARN_NON_LITERAL_NULL_CONVERSION = YES;
				CLANG_WARN_OBJC_IMPLICIT_RETAIN_SELF = YES;
				CLANG_WARN_OBJC_LITERAL_CONVERSION = YES;
				CLANG_WARN_OBJC_ROOT_CLASS = YES_ERROR;
				CLANG_WARN_QUOTED_INCLUDE_IN_FRAMEWORK_HEADER = YES;
				CLANG_WARN_RANGE_LOOP_ANALYSIS = YES;
				CLANG_WARN_STRICT_PROTOTYPES = YES;
				CLANG_WARN_SUSPICIOUS_MOVE = YES;
				CLANG_WARN_UNGUARDED_AVAILABILITY = YES_AGGRESSIVE;
				CLANG_WARN_UNREACHABLE_CODE = YES;
				CLANG_WARN__DUPLICATE_METHOD_MATCH = YES;
				COPY_PHASE_STRIP = NO;
				DEBUG_INFORMATION_FORMAT = "dwarf-with-dsym";
				ENABLE_NS_ASSERTIONS = NO;
				ENABLE_STRICT_OBJC_MSGSEND = YES;
				GCC_C_LANGUAGE_STANDARD = gnu11;
				GCC_NO_COMMON_BLOCKS = YES;
				GCC_WARN_64_TO_32_BIT_CONVERSION = YES;
				GCC_WARN_ABOUT_RETURN_TYPE = YES_ERROR;
				GCC_WARN_UNDECLARED_SELECTOR = YES;
				GCC_WARN_UNINITIALIZED_AUTOS = YES_AGGRESSIVE;
				GCC_WARN_UNUSED_FUNCTION = YES;
				GCC_WARN_UNUSED_VARIABLE = YES;
				IPHONEOS_DEPLOYMENT_TARGET = 14.5;
				MTL_ENABLE_DEBUG_INFO = NO;
				MTL_FAST_MATH = YES;
				SDKROOT = iphoneos;
				SWIFT_COMPILATION_MODE = wholemodule;
				SWIFT_OPTIMIZATION_LEVEL = "-O";
				VALIDATE_PRODUCT = YES;
			};
			name = Release;
		};
		3085588D26FE7BA8002AACA3 /* Debug */ = {
			isa = XCBuildConfiguration;
			buildSettings = {
				ASSETCATALOG_COMPILER_APPICON_NAME = AppIcon;
				ASSETCATALOG_COMPILER_GLOBAL_ACCENT_COLOR_NAME = AccentColor;
				CODE_SIGN_STYLE = Automatic;
				INFOPLIST_FILE = RickAndMorty/Info.plist;
				LD_RUNPATH_SEARCH_PATHS = (
					"$(inherited)",
					"@executable_path/Frameworks",
				);
				PRODUCT_BUNDLE_IDENTIFIER = br.com.bryanbarreto.RickAndMorty;
				PRODUCT_NAME = "$(TARGET_NAME)";
				SWIFT_VERSION = 5.0;
				TARGETED_DEVICE_FAMILY = "1,2";
			};
			name = Debug;
		};
		3085588E26FE7BA8002AACA3 /* Release */ = {
			isa = XCBuildConfiguration;
			buildSettings = {
				ASSETCATALOG_COMPILER_APPICON_NAME = AppIcon;
				ASSETCATALOG_COMPILER_GLOBAL_ACCENT_COLOR_NAME = AccentColor;
				CODE_SIGN_STYLE = Automatic;
				INFOPLIST_FILE = RickAndMorty/Info.plist;
				LD_RUNPATH_SEARCH_PATHS = (
					"$(inherited)",
					"@executable_path/Frameworks",
				);
				PRODUCT_BUNDLE_IDENTIFIER = br.com.bryanbarreto.RickAndMorty;
				PRODUCT_NAME = "$(TARGET_NAME)";
				SWIFT_VERSION = 5.0;
				TARGETED_DEVICE_FAMILY = "1,2";
			};
			name = Release;
		};
/* End XCBuildConfiguration section */

/* Begin XCConfigurationList section */
		3085587326FE7B9D002AACA3 /* Build configuration list for PBXProject "RickAndMorty" */ = {
			isa = XCConfigurationList;
			buildConfigurations = (
				3085588A26FE7BA8002AACA3 /* Debug */,
				3085588B26FE7BA8002AACA3 /* Release */,
			);
			defaultConfigurationIsVisible = 0;
			defaultConfigurationName = Release;
		};
		3085588C26FE7BA8002AACA3 /* Build configuration list for PBXNativeTarget "RickAndMorty" */ = {
			isa = XCConfigurationList;
			buildConfigurations = (
				3085588D26FE7BA8002AACA3 /* Debug */,
				3085588E26FE7BA8002AACA3 /* Release */,
			);
			defaultConfigurationIsVisible = 0;
			defaultConfigurationName = Release;
		};
/* End XCConfigurationList section */
	};
	rootObject = 3085587026FE7B9D002AACA3 /* Project object */;
}
